<?xml version="1.0" encoding="utf-8"?>
<Project ToolsVersion="4.0" xmlns="http://schemas.microsoft.com/developer/msbuild/2003">
  <ItemGroup>
    <Filter Include="Source Files">
      <UniqueIdentifier>{4FC737F1-C7A5-4376-A066-2A32D752A2FF}</UniqueIdentifier>
      <Extensions>cpp;c;cc;cxx;c++;cppm;ixx;def;odl;idl;hpj;bat;asm;asmx</Extensions>
    </Filter>
    <Filter Include="Header Files">
      <UniqueIdentifier>{93995380-89BD-4b04-88EB-625FBE52EBFB}</UniqueIdentifier>
      <Extensions>h;hh;hpp;hxx;h++;hm;inl;inc;ipp;xsd</Extensions>
    </Filter>
    <Filter Include="Resource Files">
      <UniqueIdentifier>{67DA6AB6-F800-4c08-8B7A-83BB121AAD01}</UniqueIdentifier>
      <Extensions>rc;ico;cur;bmp;dlg;rc2;rct;bin;rgs;gif;jpg;jpeg;jpe;resx;tiff;tif;png;wav;mfcribbon-ms</Extensions>
    </Filter>
    <Filter Include="Source Files\Shaders">
      <UniqueIdentifier>{7f1a31c8-04bf-42af-83f5-7ef00dfd3db8}</UniqueIdentifier>
    </Filter>
    <Filter Include="Source Files\GPU Objects">
      <UniqueIdentifier>{9db014e1-eeca-43d0-9b11-15b8a155530a}</UniqueIdentifier>
    </Filter>
    <Filter Include="Source Files\Game Engine elements">
      <UniqueIdentifier>{fe14fc12-16f1-4a3a-b96c-0ac993e348bf}</UniqueIdentifier>
    </Filter>
    <Filter Include="Source Files\Game Engine elements\Components">
      <UniqueIdentifier>{a905ca2d-7569-4c43-b3ef-78f0c83dd7d9}</UniqueIdentifier>
    </Filter>
    <Filter Include="Source Files\Game Engine elements\General">
      <UniqueIdentifier>{90fd70d4-e1c9-405e-a202-05015a6ae612}</UniqueIdentifier>
    </Filter>
    <Filter Include="Source Files\Game Engine elements\Functionalities">
      <UniqueIdentifier>{242abe82-9e41-4131-a4b0-a836d233909e}</UniqueIdentifier>
    </Filter>
    <Filter Include="Source Files\Game Engine elements\Systems">
      <UniqueIdentifier>{c47564ae-eba4-4f2f-a45f-b75a35cc593d}</UniqueIdentifier>
    </Filter>
    <Filter Include="Source Files\Game Engine elements\Scenes">
      <UniqueIdentifier>{4251ba48-e20b-4409-9c59-03c5338fbcc6}</UniqueIdentifier>
    </Filter>
    <Filter Include="Source Files\Game Engine elements\GameObjects">
      <UniqueIdentifier>{a285b891-a025-4615-ac1d-a71443cbcec2}</UniqueIdentifier>
    </Filter>
    <Filter Include="Source Files\Game Engine elements\Utilities">
      <UniqueIdentifier>{60c59170-4090-4166-8cf7-27467dad324d}</UniqueIdentifier>
    </Filter>
  </ItemGroup>
  <ItemGroup>
    <ClCompile Include="glad.c">
      <Filter>Source Files</Filter>
    </ClCompile>
    <ClCompile Include="src\GameEngineCore\Components\Mesh.cpp">
      <Filter>Source Files\Game Engine elements\Components</Filter>
    </ClCompile>
    <ClCompile Include="src\GameEngineCore\Components\Transform.cpp">
      <Filter>Source Files\Game Engine elements\Components</Filter>
    </ClCompile>
    <ClCompile Include="src\GameEngineCore\Rendering\GPUobjects\VBO.cpp">
      <Filter>Source Files\GPU Objects</Filter>
    </ClCompile>
    <ClCompile Include="src\GameEngineCore\Rendering\GPUobjects\VAO.cpp">
      <Filter>Source Files\GPU Objects</Filter>
    </ClCompile>
    <ClCompile Include="src\GameEngineCore\Rendering\GPUobjects\EBO.cpp">
      <Filter>Source Files\GPU Objects</Filter>
    </ClCompile>
    <ClCompile Include="src\GameEngineCore\Systems\RenderSystem.cpp">
      <Filter>Source Files\Game Engine elements\Systems</Filter>
    </ClCompile>
    <ClCompile Include="src\GameEngineCore\Scenes\Scene.cpp">
      <Filter>Source Files\Game Engine elements\Scenes</Filter>
    </ClCompile>
    <ClCompile Include="src\GameEngineCore\Scenes\GameScene.cpp">
      <Filter>Source Files\Game Engine elements\Scenes</Filter>
    </ClCompile>
    <ClCompile Include="src\GameEngineCore\Rendering\ShaderPass.cpp">
      <Filter>Source Files\GPU Objects</Filter>
    </ClCompile>
    <ClCompile Include="src\GameEngineCore\GameObjects\GameObject.cpp">
      <Filter>Source Files\Game Engine elements\GameObjects</Filter>
    </ClCompile>
    <ClCompile Include="stb.cpp">
      <Filter>Source Files</Filter>
    </ClCompile>
    <ClCompile Include="src\GameEngineCore\Utilities\Input.cpp">
      <Filter>Source Files\Game Engine elements\Utilities</Filter>
    </ClCompile>
    <ClCompile Include="src\GameEngineCore\Utilities\Time.cpp">
      <Filter>Source Files\Game Engine elements\Utilities</Filter>
    </ClCompile>
    <ClCompile Include="src\GameEngineCore\main.cpp">
      <Filter>Source Files\Game Engine elements\General</Filter>
    </ClCompile>
    <ClCompile Include="src\GameEngineCore\Components\Camera.cpp">
      <Filter>Source Files\Game Engine elements\Components</Filter>
    </ClCompile>
    <ClCompile Include="src\GameEngineCore\Rendering\Texture.cpp">
      <Filter>Source Files\GPU Objects</Filter>
    </ClCompile>
    <ClCompile Include="src\GameEngineCore\Rendering\ModelLoader.cpp">
      <Filter>Source Files\Game Engine elements\Utilities</Filter>
    </ClCompile>
    <ClCompile Include="Light.cpp">
      <Filter>Source Files</Filter>
    </ClCompile>
    <ClCompile Include="src\GameEngineCore\Rendering\GPUobjects\FBO.cpp">
      <Filter>Source Files\GPU Objects</Filter>
    </ClCompile>
  </ItemGroup>
  <ItemGroup>
    <None Include="src\Shaders\basic.frag">
      <Filter>Source Files\Shaders</Filter>
    </None>
    <None Include="src\Shaders\basic.vert">
      <Filter>Source Files\Shaders</Filter>
    </None>
    <None Include="src\Shaders\model.frag">
      <Filter>Source Files\Shaders</Filter>
    </None>
    <None Include="src\Shaders\model.vert">
      <Filter>Source Files\Shaders</Filter>
    </None>
    <None Include="src\Shaders\light.frag">
      <Filter>Source Files\Shaders</Filter>
    </None>
    <None Include="src\Shaders\light.vert">
      <Filter>Source Files\Shaders</Filter>
    </None>
    <None Include="src\Shaders\plainFBO.frag">
      <Filter>Source Files\Shaders</Filter>
    </None>
    <None Include="src\Shaders\plainFBO.vert">
      <Filter>Source Files\Shaders</Filter>
    </None>
  </ItemGroup>
  <ItemGroup>
    <ClInclude Include="src\GameEngineCore\Components\Component.h">
      <Filter>Header Files</Filter>
    </ClInclude>
    <ClInclude Include="src\GameEngineCore\Components\Mesh.h">
      <Filter>Header Files</Filter>
    </ClInclude>
    <ClInclude Include="src\GameEngineCore\Components\Transform.h">
      <Filter>Header Files</Filter>
    </ClInclude>
    <ClInclude Include="src\GameEngineCore\GameObjects\GameObject.h">
      <Filter>Header Files</Filter>
    </ClInclude>
    <ClInclude Include="src\GameEngineCore\Rendering\ShaderPass.h">
      <Filter>Header Files</Filter>
    </ClInclude>
    <ClInclude Include="src\GameEngineCore\Rendering\GPUobjects\EBO.h">
      <Filter>Header Files</Filter>
    </ClInclude>
    <ClInclude Include="src\GameEngineCore\Rendering\GPUobjects\VAO.h">
      <Filter>Header Files</Filter>
    </ClInclude>
    <ClInclude Include="src\GameEngineCore\Rendering\GPUobjects\VBO.h">
      <Filter>Header Files</Filter>
    </ClInclude>
    <ClInclude Include="src\GameEngineCore\Scenes\GameScene.h">
      <Filter>Header Files</Filter>
    </ClInclude>
    <ClInclude Include="src\GameEngineCore\Scenes\Scene.h">
      <Filter>Header Files</Filter>
    </ClInclude>
    <ClInclude Include="src\GameEngineCore\Systems\GameSystem.h">
      <Filter>Header Files</Filter>
    </ClInclude>
    <ClInclude Include="src\GameEngineCore\Systems\RenderSystem.h">
      <Filter>Header Files</Filter>
    </ClInclude>
    <ClInclude Include="src\GameEngineCore\Utilities\Input.h">
      <Filter>Header Files</Filter>
    </ClInclude>
    <ClInclude Include="src\GameEngineCore\Utilities\Time.h">
      <Filter>Header Files</Filter>
    </ClInclude>
    <ClInclude Include="src\GameEngineCore\Components\Camera.h">
      <Filter>Header Files</Filter>
    </ClInclude>
    <ClInclude Include="src\GameEngineCore\Rendering\Texture.h">
      <Filter>Header Files</Filter>
    </ClInclude>
    <ClInclude Include="src\GameEngineCore\Functionalities\Functionality.h">
      <Filter>Header Files</Filter>
    </ClInclude>
    <ClInclude Include="src\GameEngineCore\Functionalities\CameraController.h">
      <Filter>Header Files</Filter>
    </ClInclude>
    <ClInclude Include="src\GameEngineCore\Rendering\ModelLoader.h">
      <Filter>Header Files</Filter>
    </ClInclude>
    <ClInclude Include="LightTypes.h">
      <Filter>Header Files</Filter>
    </ClInclude>
    <ClInclude Include="Light.h">
      <Filter>Header Files</Filter>
    </ClInclude>
    <ClInclude Include="src\GameEngineCore\Rendering\GPUobjects\FBO.h">
      <Filter>Header Files</Filter>
    </ClInclude>
  </ItemGroup>
</Project>